{
    "_meta": {
        "hash": {
            "sha256": "93d316a87160254e50c7d1ef48465efbfbed3b9b5b84ce6388f06f3e63af7a7d"
        },
        "pipfile-spec": 6,
        "requires": {
            "python_version": "3.8"
        },
        "sources": [
            {
                "name": "pypi",
                "url": "https://pypi.org/simple",
                "verify_ssl": true
            }
        ]
    },
    "default": {
        "bluepy": {
            "hashes": [
                "sha256:2a71edafe103565fb990256ff3624c1653036a837dfc90e1e32b839f83971cec"
            ],
            "index": "pypi",
            "version": "==1.3.0"
        },
        "gattlib": {
            "hashes": [
                "sha256:1e3d92d07bdaad7574aabc3fd36aea5ef1fae4339e521a162fe2341a9a33fcb5"
            ],
            "index": "pypi",
            "version": "==0.20201113"
        },
        "swbtutil": {
            "path": ".",
            "version": "==0.2.0"
        }
    },
    "develop": {}
}
